
Microsoft Visual Studio Solution File, Format Version 12.00
# Visual Studio Version 16
VisualStudioVersion = 16.0.29424.173
MinimumVisualStudioVersion = 10.0.40219.1
Project("{9A19103F-16F7-4668-BE54-9A1E7A4F7556}") = "ControlStationManager.DAL", "ControlStationManager.DAL\ControlStationManager.DAL.csproj", "{8C2D4D6B-3315-4753-8BD0-59A47008C65A}"
EndProject
Project("{9A19103F-16F7-4668-BE54-9A1E7A4F7556}") = "ControlStationManager.BLL", "ControlStationManager.BLL\ControlStationManager.BLL.csproj", "{0AC194CA-CAF4-4814-A485-A5D73BF4C3D6}"
EndProject
Project("{9A19103F-16F7-4668-BE54-9A1E7A4F7556}") = "ControlStationManagerAPI", "ControlStationManagerAPI\ControlStationManagerAPI.csproj", "{806BF519-8EED-41AE-A737-C7C1DAF19E53}"
EndProject
Global
	GlobalSection(SolutionConfigurationPlatforms) = preSolution
		Debug|Any CPU = Debug|Any CPU
		Release|Any CPU = Release|Any CPU
	EndGlobalSection
	GlobalSection(ProjectConfigurationPlatforms) = postSolution
		{8C2D4D6B-3315-4753-8BD0-59A47008C65A}.Debug|Any CPU.ActiveCfg = Debug|Any CPU
		{8C2D4D6B-3315-4753-8BD0-59A47008C65A}.Debug|Any CPU.Build.0 = Debug|Any CPU
		{8C2D4D6B-3315-4753-8BD0-59A47008C65A}.Release|Any CPU.ActiveCfg = Release|Any CPU
		{8C2D4D6B-3315-4753-8BD0-59A47008C65A}.Release|Any CPU.Build.0 = Release|Any CPU
		{0AC194CA-CAF4-4814-A485-A5D73BF4C3D6}.Debug|Any CPU.ActiveCfg = Debug|Any CPU
		{0AC194CA-CAF4-4814-A485-A5D73BF4C3D6}.Debug|Any CPU.Build.0 = Debug|Any CPU
		{0AC194CA-CAF4-4814-A485-A5D73BF4C3D6}.Release|Any CPU.ActiveCfg = Release|Any CPU
		{0AC194CA-CAF4-4814-A485-A5D73BF4C3D6}.Release|Any CPU.Build.0 = Release|Any CPU
		{806BF519-8EED-41AE-A737-C7C1DAF19E53}.Debug|Any CPU.ActiveCfg = Debug|Any CPU
		{806BF519-8EED-41AE-A737-C7C1DAF19E53}.Debug|Any CPU.Build.0 = Debug|Any CPU
		{806BF519-8EED-41AE-A737-C7C1DAF19E53}.Release|Any CPU.ActiveCfg = Release|Any CPU
		{806BF519-8EED-41AE-A737-C7C1DAF19E53}.Release|Any CPU.Build.0 = Release|Any CPU
	EndGlobalSection
	GlobalSection(SolutionProperties) = preSolution
		HideSolutionNode = FALSE
	EndGlobalSection
	GlobalSection(ExtensibilityGlobals) = postSolution
		SolutionGuid = {D0844F5B-2C96-4F2B-8E16-C1797C6566C6}
	EndGlobalSection
EndGlobal
